
Microsoft Visual Studio Solution File, Format Version 12.00
Project("{FAE04EC0-301F-11D3-BF4B-00C04F79EFBC}") = "Api", "Api\Api.csproj", "{5A9806AA-C784-45FA-9913-9BB40F18051D}"
EndProject
Project("{FAE04EC0-301F-11D3-BF4B-00C04F79EFBC}") = "Application", "Application\Application.csproj", "{502A827B-4EE7-4053-836C-25B731E9E2B8}"
EndProject
Project("{FAE04EC0-301F-11D3-BF4B-00C04F79EFBC}") = "Domain", "Domain\Domain.csproj", "{871B84F3-8B5E-466F-A247-2D55E61C39B0}"
EndProject
Project("{FAE04EC0-301F-11D3-BF4B-00C04F79EFBC}") = "Infrastructure", "Infrastructure\Infrastructure.csproj", "{516A7870-C6BF-467A-A30F-D7FB84E93F7B}"
EndProject
Global
	GlobalSection(SolutionConfigurationPlatforms) = preSolution
		Debug|Any CPU = Debug|Any CPU
		Release|Any CPU = Release|Any CPU
	EndGlobalSection
	GlobalSection(ProjectConfigurationPlatforms) = postSolution
		{5A9806AA-C784-45FA-9913-9BB40F18051D}.Debug|Any CPU.ActiveCfg = Debug|Any CPU
		{5A9806AA-C784-45FA-9913-9BB40F18051D}.Debug|Any CPU.Build.0 = Debug|Any CPU
		{5A9806AA-C784-45FA-9913-9BB40F18051D}.Release|Any CPU.ActiveCfg = Release|Any CPU
		{5A9806AA-C784-45FA-9913-9BB40F18051D}.Release|Any CPU.Build.0 = Release|Any CPU
		{502A827B-4EE7-4053-836C-25B731E9E2B8}.Debug|Any CPU.ActiveCfg = Debug|Any CPU
		{502A827B-4EE7-4053-836C-25B731E9E2B8}.Debug|Any CPU.Build.0 = Debug|Any CPU
		{502A827B-4EE7-4053-836C-25B731E9E2B8}.Release|Any CPU.ActiveCfg = Release|Any CPU
		{502A827B-4EE7-4053-836C-25B731E9E2B8}.Release|Any CPU.Build.0 = Release|Any CPU
		{871B84F3-8B5E-466F-A247-2D55E61C39B0}.Debug|Any CPU.ActiveCfg = Debug|Any CPU
		{871B84F3-8B5E-466F-A247-2D55E61C39B0}.Debug|Any CPU.Build.0 = Debug|Any CPU
		{871B84F3-8B5E-466F-A247-2D55E61C39B0}.Release|Any CPU.ActiveCfg = Release|Any CPU
		{871B84F3-8B5E-466F-A247-2D55E61C39B0}.Release|Any CPU.Build.0 = Release|Any CPU
		{516A7870-C6BF-467A-A30F-D7FB84E93F7B}.Debug|Any CPU.ActiveCfg = Debug|Any CPU
		{516A7870-C6BF-467A-A30F-D7FB84E93F7B}.Debug|Any CPU.Build.0 = Debug|Any CPU
		{516A7870-C6BF-467A-A30F-D7FB84E93F7B}.Release|Any CPU.ActiveCfg = Release|Any CPU
		{516A7870-C6BF-467A-A30F-D7FB84E93F7B}.Release|Any CPU.Build.0 = Release|Any CPU
	EndGlobalSection
EndGlobal
